
Microsoft Visual Studio Solution File, Format Version 12.00
# Visual Studio Version 17
VisualStudioVersion = 17.14.36623.8 d17.14
MinimumVisualStudioVersion = 10.0.40219.1
Project("{FAE04EC0-301F-11D3-BF4B-00C04F79EFBC}") = "MultiTenant.ProjectManagement.API", "MultiTenant.ProjectManagement.API\MultiTenant.ProjectManagement.API.csproj", "{4BC0155A-49FC-4901-A3A3-9C5A3ED28AB0}"
EndProject
Global
	GlobalSection(SolutionConfigurationPlatforms) = preSolution
		Debug|Any CPU = Debug|Any CPU
		Release|Any CPU = Release|Any CPU
	EndGlobalSection
	GlobalSection(ProjectConfigurationPlatforms) = postSolution
		{4BC0155A-49FC-4901-A3A3-9C5A3ED28AB0}.Debug|Any CPU.ActiveCfg = Debug|Any CPU
		{4BC0155A-49FC-4901-A3A3-9C5A3ED28AB0}.Debug|Any CPU.Build.0 = Debug|Any CPU
		{4BC0155A-49FC-4901-A3A3-9C5A3ED28AB0}.Release|Any CPU.ActiveCfg = Release|Any CPU
		{4BC0155A-49FC-4901-A3A3-9C5A3ED28AB0}.Release|Any CPU.Build.0 = Release|Any CPU
	EndGlobalSection
	GlobalSection(SolutionProperties) = preSolution
		HideSolutionNode = FALSE
	EndGlobalSection
	GlobalSection(ExtensibilityGlobals) = postSolution
		SolutionGuid = {D426EEDF-1E20-432B-9CDE-58C67020FFF7}
	EndGlobalSection
EndGlobal
